// !$*UTF8*$!
{
	archiveVersion = 1;
	classes = {
	};
	objectVersion = 46;
	objects = {

/* Begin PBXBuildFile section */
		81C21196BE37BAA2C11EE3E5 /* Pods_Google_Maps.framework in Frameworks */ = {isa = PBXBuildFile; fileRef = CA316F074EFD5B4F8C9ED8E9 /* Pods_Google_Maps.framework */; };
		980DA8DD1F6B04710081B5BB /* AppDelegate.swift in Sources */ = {isa = PBXBuildFile; fileRef = 980DA8DC1F6B04710081B5BB /* AppDelegate.swift */; };
		980DA8DF1F6B04710081B5BB /* ViewController.swift in Sources */ = {isa = PBXBuildFile; fileRef = 980DA8DE1F6B04710081B5BB /* ViewController.swift */; };
		980DA8E21F6B04710081B5BB /* Main.storyboard in Resources */ = {isa = PBXBuildFile; fileRef = 980DA8E01F6B04710081B5BB /* Main.storyboard */; };
		980DA8E41F6B04710081B5BB /* Assets.xcassets in Resources */ = {isa = PBXBuildFile; fileRef = 980DA8E31F6B04710081B5BB /* Assets.xcassets */; };
		980DA8E71F6B04710081B5BB /* LaunchScreen.storyboard in Resources */ = {isa = PBXBuildFile; fileRef = 980DA8E51F6B04710081B5BB /* LaunchScreen.storyboard */; };
/* End PBXBuildFile section */

/* Begin PBXFileReference section */
		980DA8D91F6B04710081B5BB /* Google Maps.app */ = {isa = PBXFileReference; explicitFileType = wrapper.application; includeInIndex = 0; path = "Google Maps.app"; sourceTree = BUILT_PRODUCTS_DIR; };
		980DA8DC1F6B04710081B5BB /* AppDelegate.swift */ = {isa = PBXFileReference; lastKnownFileType = sourcecode.swift; path = AppDelegate.swift; sourceTree = "<group>"; };
		980DA8DE1F6B04710081B5BB /* ViewController.swift */ = {isa = PBXFileReference; lastKnownFileType = sourcecode.swift; path = ViewController.swift; sourceTree = "<group>"; };
		980DA8E11F6B04710081B5BB /* Base */ = {isa = PBXFileReference; lastKnownFileType = file.storyboard; name = Base; path = Base.lproj/Main.storyboard; sourceTree = "<group>"; };
		980DA8E31F6B04710081B5BB /* Assets.xcassets */ = {isa = PBXFileReference; lastKnownFileType = folder.assetcatalog; path = Assets.xcassets; sourceTree = "<group>"; };
		980DA8E61F6B04710081B5BB /* Base */ = {isa = PBXFileReference; lastKnownFileType = file.storyboard; name = Base; path = Base.lproj/LaunchScreen.storyboard; sourceTree = "<group>"; };
		980DA8E81F6B04710081B5BB /* Info.plist */ = {isa = PBXFileReference; lastKnownFileType = text.plist.xml; path = Info.plist; sourceTree = "<group>"; };
		99BF044C744296E673DAB701 /* Pods-Google Maps.debug.xcconfig */ = {isa = PBXFileReference; includeInIndex = 1; lastKnownFileType = text.xcconfig; name = "Pods-Google Maps.debug.xcconfig"; path = "Pods/Target Support Files/Pods-Google Maps/Pods-Google Maps.debug.xcconfig"; sourceTree = "<group>"; };
		CA316F074EFD5B4F8C9ED8E9 /* Pods_Google_Maps.framework */ = {isa = PBXFileReference; explicitFileType = wrapper.framework; includeInIndex = 0; path = Pods_Google_Maps.framework; sourceTree = BUILT_PRODUCTS_DIR; };
		CE3244FC9EF83BC8C8AF9F1E /* Pods-Google Maps.release.xcconfig */ = {isa = PBXFileReference; includeInIndex = 1; lastKnownFileType = text.xcconfig; name = "Pods-Google Maps.release.xcconfig"; path = "Pods/Target Support Files/Pods-Google Maps/Pods-Google Maps.release.xcconfig"; sourceTree = "<group>"; };
/* End PBXFileReference section */

/* Begin PBXFrameworksBuildPhase section */
		980DA8D61F6B04710081B5BB /* Frameworks */ = {
			isa = PBXFrameworksBuildPhase;
			buildActionMask = 2147483647;
			files = (
				81C21196BE37BAA2C11EE3E5 /* Pods_Google_Maps.framework in Frameworks */,
			);
			runOnlyForDeploymentPostprocessing = 0;
		};
/* End PBXFrameworksBuildPhase section */

/* Begin PBXGroup section */
		6EB0A64105D1C1B52F5E25AE /* Pods */ = {
			isa = PBXGroup;
			children = (
				99BF044C744296E673DAB701 /* Pods-Google Maps.debug.xcconfig */,
				CE3244FC9EF83BC8C8AF9F1E /* Pods-Google Maps.release.xcconfig */,
			);
			name = Pods;
			sourceTree = "<group>";
		};
		831CD0BB996C7C4026F220E2 /* Frameworks */ = {
			isa = PBXGroup;
			children = (
				CA316F074EFD5B4F8C9ED8E9 /* Pods_Google_Maps.framework */,
			);
			name = Frameworks;
			sourceTree = "<group>";
		};
		980DA8D01F6B04710081B5BB = {
			isa = PBXGroup;
			children = (
				980DA8DB1F6B04710081B5BB /* Google Maps */,
				980DA8DA1F6B04710081B5BB /* Products */,
				6EB0A64105D1C1B52F5E25AE /* Pods */,
				831CD0BB996C7C4026F220E2 /* Frameworks */,
			);
			sourceTree = "<group>";
		};
		980DA8DA1F6B04710081B5BB /* Products */ = {
			isa = PBXGroup;
			children = (
				980DA8D91F6B04710081B5BB /* Google Maps.app */,
			);
			name = Products;
			sourceTree = "<group>";
		};
		980DA8DB1F6B04710081B5BB /* Google Maps */ = {
			isa = PBXGroup;
			children = (
				980DA8DC1F6B04710081B5BB /* AppDelegate.swift */,
				980DA8DE1F6B04710081B5BB /* ViewController.swift */,
				980DA8E01F6B04710081B5BB /* Main.storyboard */,
				980DA8E31F6B04710081B5BB /* Assets.xcassets */,
				980DA8E51F6B04710081B5BB /* LaunchScreen.storyboard */,
				980DA8E81F6B04710081B5BB /* Info.plist */,
			);
			path = "Google Maps";
			sourceTree = "<group>";
		};
/* End PBXGroup section */

/* Begin PBXNativeTarget section */
		980DA8D81F6B04710081B5BB /* Google Maps */ = {
			isa = PBXNativeTarget;
			buildConfigurationList = 980DA8EB1F6B04710081B5BB /* Build configuration list for PBXNativeTarget "Google Maps" */;
			buildPhases = (
				B9D5F4DAF17BD2F002027EAE /* [CP] Check Pods Manifest.lock */,
				980DA8D51F6B04710081B5BB /* Sources */,
				980DA8D61F6B04710081B5BB /* Frameworks */,
				980DA8D71F6B04710081B5BB /* Resources */,
				A08D95B768B23FAC470BEC8B /* [CP] Embed Pods Frameworks */,
				C99BA20094DEA11EA7BA71D1 /* [CP] Copy Pods Resources */,
			);
			buildRules = (
			);
			dependencies = (
			);
			name = "Google Maps";
			productName = "Google Maps";
			productReference = 980DA8D91F6B04710081B5BB /* Google Maps.app */;
			productType = "com.apple.product-type.application";
		};
/* End PBXNativeTarget section */

/* Begin PBXProject section */
		980DA8D11F6B04710081B5BB /* Project object */ = {
			isa = PBXProject;
			attributes = {
				LastSwiftUpdateCheck = 0830;
				LastUpgradeCheck = 0830;
				ORGANIZATIONNAME = "Thiago Lovatine";
				TargetAttributes = {
					980DA8D81F6B04710081B5BB = {
						CreatedOnToolsVersion = 8.3.3;
						DevelopmentTeam = SE2J8FMNA2;
						ProvisioningStyle = Automatic;
					};
				};
			};
			buildConfigurationList = 980DA8D41F6B04710081B5BB /* Build configuration list for PBXProject "Google Maps" */;
			compatibilityVersion = "Xcode 3.2";
			developmentRegion = English;
			hasScannedForEncodings = 0;
			knownRegions = (
				en,
				Base,
			);
			mainGroup = 980DA8D01F6B04710081B5BB;
			productRefGroup = 980DA8DA1F6B04710081B5BB /* Products */;
			projectDirPath = "";
			projectRoot = "";
			targets = (
				980DA8D81F6B04710081B5BB /* Google Maps */,
			);
		};
/* End PBXProject section */

/* Begin PBXResourcesBuildPhase section */
		980DA8D71F6B04710081B5BB /* Resources */ = {
			isa = PBXResourcesBuildPhase;
			buildActionMask = 2147483647;
			files = (
				980DA8E71F6B04710081B5BB /* LaunchScreen.storyboard in Resources */,
				980DA8E41F6B04710081B5BB /* Assets.xcassets in Resources */,
				980DA8E21F6B04710081B5BB /* Main.storyboard in Resources */,
			);
			runOnlyForDeploymentPostprocessing = 0;
		};
/* End PBXResourcesBuildPhase section */

/* Begin PBXShellScriptBuildPhase section */
		A08D95B768B23FAC470BEC8B /* [CP] Embed Pods Frameworks */ = {
			isa = PBXShellScriptBuildPhase;
			buildActionMask = 2147483647;
			files = (
			);
			inputPaths = (
			);
			name = "[CP] Embed Pods Frameworks";
			outputPaths = (
			);
			runOnlyForDeploymentPostprocessing = 0;
			shellPath = /bin/sh;
			shellScript = "\"${SRCROOT}/Pods/Target Support Files/Pods-Google Maps/Pods-Google Maps-frameworks.sh\"\n";
			showEnvVarsInLog = 0;
		};
		B9D5F4DAF17BD2F002027EAE /* [CP] Check Pods Manifest.lock */ = {
			isa = PBXShellScriptBuildPhase;
			buildActionMask = 2147483647;
			files = (
			);
			inputPaths = (
				"${PODS_PODFILE_DIR_PATH}/Podfile.lock",
				"${PODS_ROOT}/Manifest.lock",
			);
			name = "[CP] Check Pods Manifest.lock";
			outputPaths = (
				"$(DERIVED_FILE_DIR)/Pods-Google Maps-checkManifestLockResult.txt",
			);
			runOnlyForDeploymentPostprocessing = 0;
			shellPath = /bin/sh;
			shellScript = "diff \"${PODS_PODFILE_DIR_PATH}/Podfile.lock\" \"${PODS_ROOT}/Manifest.lock\" > /dev/null\nif [ $? != 0 ] ; then\n    # print error to STDERR\n    echo \"error: The sandbox is not in sync with the Podfile.lock. Run 'pod install' or update your CocoaPods installation.\" >&2\n    exit 1\nfi\n# This output is used by Xcode 'outputs' to avoid re-running this script phase.\necho \"SUCCESS\" > \"${SCRIPT_OUTPUT_FILE_0}\"\n";
			showEnvVarsInLog = 0;
		};
		C99BA20094DEA11EA7BA71D1 /* [CP] Copy Pods Resources */ = {
			isa = PBXShellScriptBuildPhase;
			buildActionMask = 2147483647;
			files = (
			);
			inputPaths = (
				"${SRCROOT}/Pods/Target Support Files/Pods-Google Maps/Pods-Google Maps-resources.sh",
				"${PODS_ROOT}/GoogleMaps/Maps/Frameworks/GoogleMaps.framework/Resources/GoogleMaps.bundle",
				"${PODS_ROOT}/GooglePlaces/Frameworks/GooglePlaces.framework/Resources/GooglePlaces.bundle",
			);
			name = "[CP] Copy Pods Resources";
			outputPaths = (
				"${TARGET_BUILD_DIR}/${UNLOCALIZED_RESOURCES_FOLDER_PATH}",
			);
			runOnlyForDeploymentPostprocessing = 0;
			shellPath = /bin/sh;
			shellScript = "\"${SRCROOT}/Pods/Target Support Files/Pods-Google Maps/Pods-Google Maps-resources.sh\"\n";
			showEnvVarsInLog = 0;
		};
/* End PBXShellScriptBuildPhase section */

/* Begin PBXSourcesBuildPhase section */
		980DA8D51F6B04710081B5BB /* Sources */ = {
			isa = PBXSourcesBuildPhase;
			buildActionMask = 2147483647;
			files = (
				980DA8DF1F6B04710081B5BB /* ViewController.swift in Sources */,
				980DA8DD1F6B04710081B5BB /* AppDelegate.swift in Sources */,
			);
			runOnlyForDeploymentPostprocessing = 0;
		};
/* End PBXSourcesBuildPhase section */

/* Begin PBXVariantGroup section */
		980DA8E01F6B04710081B5BB /* Main.storyboard */ = {
			isa = PBXVariantGroup;
			children = (
				980DA8E11F6B04710081B5BB /* Base */,
			);
			name = Main.storyboard;
			sourceTree = "<group>";
		};
		980DA8E51F6B04710081B5BB /* LaunchScreen.storyboard */ = {
			isa = PBXVariantGroup;
			children = (
				980DA8E61F6B04710081B5BB /* Base */,
			);
			name = LaunchScreen.storyboard;
			sourceTree = "<group>";
		};
/* End PBXVariantGroup section */

/* Begin XCBuildConfiguration section */
		980DA8E91F6B04710081B5BB /* Debug */ = {
			isa = XCBuildConfiguration;
			buildSettings = {
				ALWAYS_SEARCH_USER_PATHS = NO;
				CLANG_ANALYZER_NONNULL = YES;
				CLANG_ANALYZER_NUMBER_OBJECT_CONVERSION = YES_AGGRESSIVE;
				CLANG_CXX_LANGUAGE_STANDARD = "gnu++0x";
				CLANG_CXX_LIBRARY = "libc++";
				CLANG_ENABLE_MODULES = YES;
				CLANG_ENABLE_OBJC_ARC = YES;
				CLANG_WARN_BOOL_CONVERSION = YES;
				CLANG_WARN_CONSTANT_CONVERSION = YES;
				CLANG_WARN_DIRECT_OBJC_ISA_USAGE = YES_ERROR;
				CLANG_WARN_DOCUMENTATION_COMMENTS = YES;
				CLANG_WARN_EMPTY_BODY = YES;
				CLANG_WARN_ENUM_CONVERSION = YES;
				CLANG_WARN_INFINITE_RECURSION = YES;
				CLANG_WARN_INT_CONVERSION = YES;
				CLANG_WARN_OBJC_ROOT_CLASS = YES_ERROR;
				CLANG_WARN_SUSPICIOUS_MOVE = YES;
				CLANG_WARN_UNREACHABLE_CODE = YES;
				CLANG_WARN__DUPLICATE_METHOD_MATCH = YES;
				"CODE_SIGN_IDENTITY[sdk=iphoneos*]" = "iPhone Developer";
				COPY_PHASE_STRIP = NO;
				DEBUG_INFORMATION_FORMAT = dwarf;
				ENABLE_STRICT_OBJC_MSGSEND = YES;
				ENABLE_TESTABILITY = YES;
				GCC_C_LANGUAGE_STANDARD = gnu99;
				GCC_DYNAMIC_NO_PIC = NO;
				GCC_NO_COMMON_BLOCKS = YES;
				GCC_OPTIMIZATION_LEVEL = 0;
				GCC_PREPROCESSOR_DEFINITIONS = (
					"DEBUG=1",
					"$(inherited)",
				);
				GCC_WARN_64_TO_32_BIT_CONVERSION = YES;
				GCC_WARN_ABOUT_RETURN_TYPE = YES_ERROR;
				GCC_WARN_UNDECLARED_SELECTOR = YES;
				GCC_WARN_UNINITIALIZED_AUTOS = YES_AGGRESSIVE;
				GCC_WARN_UNUSED_FUNCTION = YES;
				GCC_WARN_UNUSED_VARIABLE = YES;
				IPHONEOS_DEPLOYMENT_TARGET = 10.3;
				MTL_ENABLE_DEBUG_INFO = YES;
				ONLY_ACTIVE_ARCH = YES;
				SDKROOT = iphoneos;
				SWIFT_ACTIVE_COMPILATION_CONDITIONS = DEBUG;
				SWIFT_OPTIMIZATION_LEVEL = "-Onone";
				TARGETED_DEVICE_FAMILY = "1,2";
			};
			name = Debug;
		};
		980DA8EA1F6B04710081B5BB /* Release */ = {
			isa = XCBuildConfiguration;
			buildSettings = {
				ALWAYS_SEARCH_USER_PATHS = NO;
				CLANG_ANALYZER_NONNULL = YES;
				CLANG_ANALYZER_NUMBER_OBJECT_CONVERSION = YES_AGGRESSIVE;
				CLANG_CXX_LANGUAGE_STANDARD = "gnu++0x";
				CLANG_CXX_LIBRARY = "libc++";
				CLANG_ENABLE_MODULES = YES;
				CLANG_ENABLE_OBJC_ARC = YES;
				CLANG_WARN_BOOL_CONVERSION = YES;
				CLANG_WARN_CONSTANT_CONVERSION = YES;
				CLANG_WARN_DIRECT_OBJC_ISA_USAGE = YES_ERROR;
				CLANG_WARN_DOCUMENTATION_COMMENTS = YES;
				CLANG_WARN_EMPTY_BODY = YES;
				CLANG_WARN_ENUM_CONVERSION = YES;
				CLANG_WARN_INFINITE_RECURSION = YES;
				CLANG_WARN_INT_CONVERSION = YES;
				CLANG_WARN_OBJC_ROOT_CLASS = YES_ERROR;
				CLANG_WARN_SUSPICIOUS_MOVE = YES;
				CLANG_WARN_UNREACHABLE_CODE = YES;
				CLANG_WARN__DUPLICATE_METHOD_MATCH = YES;
				"CODE_SIGN_IDENTITY[sdk=iphoneos*]" = "iPhone Developer";
				COPY_PHASE_STRIP = NO;
				DEBUG_INFORMATION_FORMAT = "dwarf-with-dsym";
				ENABLE_NS_ASSERTIONS = NO;
				ENABLE_STRICT_OBJC_MSGSEND = YES;
				GCC_C_LANGUAGE_STANDARD = gnu99;
				GCC_NO_COMMON_BLOCKS = YES;
				GCC_WARN_64_TO_32_BIT_CONVERSION = YES;
				GCC_WARN_ABOUT_RETURN_TYPE = YES_ERROR;
				GCC_WARN_UNDECLARED_SELECTOR = YES;
				GCC_WARN_UNINITIALIZED_AUTOS = YES_AGGRESSIVE;
				GCC_WARN_UNUSED_FUNCTION = YES;
				GCC_WARN_UNUSED_VARIABLE = YES;
				IPHONEOS_DEPLOYMENT_TARGET = 10.3;
				MTL_ENABLE_DEBUG_INFO = NO;
				SDKROOT = iphoneos;
				SWIFT_OPTIMIZATION_LEVEL = "-Owholemodule";
				TARGETED_DEVICE_FAMILY = "1,2";
				VALIDATE_PRODUCT = YES;
			};
			name = Release;
		};
		980DA8EC1F6B04710081B5BB /* Debug */ = {
			isa = XCBuildConfiguration;
			baseConfigurationReference = 99BF044C744296E673DAB701 /* Pods-Google Maps.debug.xcconfig */;
			buildSettings = {
				ASSETCATALOG_COMPILER_APPICON_NAME = AppIcon;
				DEVELOPMENT_TEAM = SE2J8FMNA2;
				INFOPLIST_FILE = "Google Maps/Info.plist";
				LD_RUNPATH_SEARCH_PATHS = "$(inherited) @executable_path/Frameworks";
				PRODUCT_BUNDLE_IDENTIFIER = "com.studiotella.Google-Maps";
				PRODUCT_NAME = "$(TARGET_NAME)";
				SWIFT_VERSION = 3.0;
			};
			name = Debug;
		};
		980DA8ED1F6B04710081B5BB /* Release */ = {
			isa = XCBuildConfiguration;
			baseConfigurationReference = CE3244FC9EF83BC8C8AF9F1E /* Pods-Google Maps.release.xcconfig */;
			buildSettings = {
				ASSETCATALOG_COMPILER_APPICON_NAME = AppIcon;
				DEVELOPMENT_TEAM = SE2J8FMNA2;
				INFOPLIST_FILE = "Google Maps/Info.plist";
				LD_RUNPATH_SEARCH_PATHS = "$(inherited) @executable_path/Frameworks";
				PRODUCT_BUNDLE_IDENTIFIER = "com.studiotella.Google-Maps";
				PRODUCT_NAME = "$(TARGET_NAME)";
				SWIFT_VERSION = 3.0;
			};
			name = Release;
		};
/* End XCBuildConfiguration section */

/* Begin XCConfigurationList section */
		980DA8D41F6B04710081B5BB /* Build configuration list for PBXProject "Google Maps" */ = {
			isa = XCConfigurationList;
			buildConfigurations = (
				980DA8E91F6B04710081B5BB /* Debug */,
				980DA8EA1F6B04710081B5BB /* Release */,
			);
			defaultConfigurationIsVisible = 0;
			defaultConfigurationName = Release;
		};
		980DA8EB1F6B04710081B5BB /* Build configuration list for PBXNativeTarget "Google Maps" */ = {
			isa = XCConfigurationList;
			buildConfigurations = (
				980DA8EC1F6B04710081B5BB /* Debug */,
				980DA8ED1F6B04710081B5BB /* Release */,
			);
			defaultConfigurationIsVisible = 0;
			defaultConfigurationName = Release;
		};
/* End XCConfigurationList section */
	};
	rootObject = 980DA8D11F6B04710081B5BB /* Project object */;
}
